// !$*UTF8*$!
{
	archiveVersion = 1;
	classes = {
	};
	objectVersion = 46;
	objects = {

/* Begin PBXBuildFile section */
		06863C3A187947C4AF49B04F /* Pods_Pokedex.framework in Frameworks */ = {isa = PBXBuildFile; fileRef = A5C91901CC8FE0EEDB433557 /* Pods_Pokedex.framework */; };
		B675267F1EAE4BFC007D78AE /* AppDelegate.swift in Sources */ = {isa = PBXBuildFile; fileRef = B675267E1EAE4BFC007D78AE /* AppDelegate.swift */; };
		B67526811EAE4BFD007D78AE /* ViewController.swift in Sources */ = {isa = PBXBuildFile; fileRef = B67526801EAE4BFC007D78AE /* ViewController.swift */; };
		B67526841EAE4BFD007D78AE /* Main.storyboard in Resources */ = {isa = PBXBuildFile; fileRef = B67526821EAE4BFD007D78AE /* Main.storyboard */; };
		B67526861EAE4BFD007D78AE /* Assets.xcassets in Resources */ = {isa = PBXBuildFile; fileRef = B67526851EAE4BFD007D78AE /* Assets.xcassets */; };
		B67526891EAE4BFD007D78AE /* LaunchScreen.storyboard in Resources */ = {isa = PBXBuildFile; fileRef = B67526871EAE4BFD007D78AE /* LaunchScreen.storyboard */; };
		B67526911EAE5197007D78AE /* pokemon.csv in Resources */ = {isa = PBXBuildFile; fileRef = B67526901EAE5197007D78AE /* pokemon.csv */; };
		B67526941EAE549A007D78AE /* Pokemon.swift in Sources */ = {isa = PBXBuildFile; fileRef = B67526931EAE549A007D78AE /* Pokemon.swift */; };
		B67526971EAE7777007D78AE /* PokeCell.swift in Sources */ = {isa = PBXBuildFile; fileRef = B67526961EAE7777007D78AE /* PokeCell.swift */; };
		B67526991EAE80E5007D78AE /* csv.swift in Sources */ = {isa = PBXBuildFile; fileRef = B67526981EAE80E5007D78AE /* csv.swift */; };
		B675269C1EAE865D007D78AE /* PokemonHollow.ttf in Resources */ = {isa = PBXBuildFile; fileRef = B675269A1EAE865D007D78AE /* PokemonHollow.ttf */; };
		B675269D1EAE865D007D78AE /* PokemonSolid.ttf in Resources */ = {isa = PBXBuildFile; fileRef = B675269B1EAE865D007D78AE /* PokemonSolid.ttf */; };
		B67526A21EAE888E007D78AE /* music.png in Resources */ = {isa = PBXBuildFile; fileRef = B67526A11EAE888E007D78AE /* music.png */; };
		B67526A41EAE88D6007D78AE /* music.mp3 in Resources */ = {isa = PBXBuildFile; fileRef = B67526A31EAE88D6007D78AE /* music.mp3 */; };
		B67526A61EAE9B6D007D78AE /* PokeDetailVC.swift in Sources */ = {isa = PBXBuildFile; fileRef = B67526A51EAE9B6D007D78AE /* PokeDetailVC.swift */; };
		B67526A81EAF9167007D78AE /* Const.swift in Sources */ = {isa = PBXBuildFile; fileRef = B67526A71EAF9167007D78AE /* Const.swift */; };
/* End PBXBuildFile section */

/* Begin PBXFileReference section */
		28F5E083A77CBD27EFCE831E /* Pods-Pokedex.release.xcconfig */ = {isa = PBXFileReference; includeInIndex = 1; lastKnownFileType = text.xcconfig; name = "Pods-Pokedex.release.xcconfig"; path = "Pods/Target Support Files/Pods-Pokedex/Pods-Pokedex.release.xcconfig"; sourceTree = "<group>"; };
		A5C91901CC8FE0EEDB433557 /* Pods_Pokedex.framework */ = {isa = PBXFileReference; explicitFileType = wrapper.framework; includeInIndex = 0; path = Pods_Pokedex.framework; sourceTree = BUILT_PRODUCTS_DIR; };
		B675267B1EAE4BFC007D78AE /* Pokedex.app */ = {isa = PBXFileReference; explicitFileType = wrapper.application; includeInIndex = 0; path = Pokedex.app; sourceTree = BUILT_PRODUCTS_DIR; };
		B675267E1EAE4BFC007D78AE /* AppDelegate.swift */ = {isa = PBXFileReference; lastKnownFileType = sourcecode.swift; path = AppDelegate.swift; sourceTree = "<group>"; };
		B67526801EAE4BFC007D78AE /* ViewController.swift */ = {isa = PBXFileReference; lastKnownFileType = sourcecode.swift; path = ViewController.swift; sourceTree = "<group>"; };
		B67526831EAE4BFD007D78AE /* Base */ = {isa = PBXFileReference; lastKnownFileType = file.storyboard; name = Base; path = Base.lproj/Main.storyboard; sourceTree = "<group>"; };
		B67526851EAE4BFD007D78AE /* Assets.xcassets */ = {isa = PBXFileReference; lastKnownFileType = folder.assetcatalog; path = Assets.xcassets; sourceTree = "<group>"; };
		B67526881EAE4BFD007D78AE /* Base */ = {isa = PBXFileReference; lastKnownFileType = file.storyboard; name = Base; path = Base.lproj/LaunchScreen.storyboard; sourceTree = "<group>"; };
		B675268A1EAE4BFD007D78AE /* Info.plist */ = {isa = PBXFileReference; lastKnownFileType = text.plist.xml; path = Info.plist; sourceTree = "<group>"; };
		B67526901EAE5197007D78AE /* pokemon.csv */ = {isa = PBXFileReference; fileEncoding = 4; lastKnownFileType = text; path = pokemon.csv; sourceTree = "<group>"; };
		B67526931EAE549A007D78AE /* Pokemon.swift */ = {isa = PBXFileReference; fileEncoding = 4; lastKnownFileType = sourcecode.swift; path = Pokemon.swift; sourceTree = "<group>"; };
		B67526961EAE7777007D78AE /* PokeCell.swift */ = {isa = PBXFileReference; fileEncoding = 4; lastKnownFileType = sourcecode.swift; path = PokeCell.swift; sourceTree = "<group>"; };
		B67526981EAE80E5007D78AE /* csv.swift */ = {isa = PBXFileReference; fileEncoding = 4; lastKnownFileType = sourcecode.swift; path = csv.swift; sourceTree = "<group>"; };
		B675269A1EAE865D007D78AE /* PokemonHollow.ttf */ = {isa = PBXFileReference; lastKnownFileType = file; path = PokemonHollow.ttf; sourceTree = "<group>"; };
		B675269B1EAE865D007D78AE /* PokemonSolid.ttf */ = {isa = PBXFileReference; lastKnownFileType = file; path = PokemonSolid.ttf; sourceTree = "<group>"; };
		B67526A11EAE888E007D78AE /* music.png */ = {isa = PBXFileReference; lastKnownFileType = image.png; path = music.png; sourceTree = "<group>"; };
		B67526A31EAE88D6007D78AE /* music.mp3 */ = {isa = PBXFileReference; lastKnownFileType = audio.mp3; path = music.mp3; sourceTree = "<group>"; };
		B67526A51EAE9B6D007D78AE /* PokeDetailVC.swift */ = {isa = PBXFileReference; fileEncoding = 4; lastKnownFileType = sourcecode.swift; path = PokeDetailVC.swift; sourceTree = "<group>"; };
		B67526A71EAF9167007D78AE /* Const.swift */ = {isa = PBXFileReference; fileEncoding = 4; lastKnownFileType = sourcecode.swift; path = Const.swift; sourceTree = "<group>"; };
		BD445FDC71EB8D26FCD4A7EF /* Pods-Pokedex.debug.xcconfig */ = {isa = PBXFileReference; includeInIndex = 1; lastKnownFileType = text.xcconfig; name = "Pods-Pokedex.debug.xcconfig"; path = "Pods/Target Support Files/Pods-Pokedex/Pods-Pokedex.debug.xcconfig"; sourceTree = "<group>"; };
/* End PBXFileReference section */

/* Begin PBXFrameworksBuildPhase section */
		B67526781EAE4BFC007D78AE /* Frameworks */ = {
			isa = PBXFrameworksBuildPhase;
			buildActionMask = 2147483647;
			files = (
				06863C3A187947C4AF49B04F /* Pods_Pokedex.framework in Frameworks */,
			);
			runOnlyForDeploymentPostprocessing = 0;
		};
/* End PBXFrameworksBuildPhase section */

/* Begin PBXGroup section */
		554E8B965217ADA2858A9262 /* Frameworks */ = {
			isa = PBXGroup;
			children = (
				A5C91901CC8FE0EEDB433557 /* Pods_Pokedex.framework */,
			);
			name = Frameworks;
			sourceTree = "<group>";
		};
		9DA69C96912143440FF4C0AD /* Pods */ = {
			isa = PBXGroup;
			children = (
				BD445FDC71EB8D26FCD4A7EF /* Pods-Pokedex.debug.xcconfig */,
				28F5E083A77CBD27EFCE831E /* Pods-Pokedex.release.xcconfig */,
			);
			name = Pods;
			sourceTree = "<group>";
		};
		B67526721EAE4BFC007D78AE = {
			isa = PBXGroup;
			children = (
				B675267D1EAE4BFC007D78AE /* Pokedex */,
				B675267C1EAE4BFC007D78AE /* Products */,
				9DA69C96912143440FF4C0AD /* Pods */,
				554E8B965217ADA2858A9262 /* Frameworks */,
			);
			sourceTree = "<group>";
		};
		B675267C1EAE4BFC007D78AE /* Products */ = {
			isa = PBXGroup;
			children = (
				B675267B1EAE4BFC007D78AE /* Pokedex.app */,
			);
			name = Products;
			sourceTree = "<group>";
		};
		B675267D1EAE4BFC007D78AE /* Pokedex */ = {
			isa = PBXGroup;
			children = (
				B67526921EAE5485007D78AE /* Model */,
				B67526951EAE773D007D78AE /* VIew */,
				B675269E1EAE86E2007D78AE /* Controller */,
				B675269F1EAE86EF007D78AE /* resources */,
				B67526A01EAE8714007D78AE /* Util */,
				B675267E1EAE4BFC007D78AE /* AppDelegate.swift */,
				B67526821EAE4BFD007D78AE /* Main.storyboard */,
				B67526851EAE4BFD007D78AE /* Assets.xcassets */,
				B67526871EAE4BFD007D78AE /* LaunchScreen.storyboard */,
				B675268A1EAE4BFD007D78AE /* Info.plist */,
			);
			path = Pokedex;
			sourceTree = "<group>";
		};
		B67526921EAE5485007D78AE /* Model */ = {
			isa = PBXGroup;
			children = (
				B67526931EAE549A007D78AE /* Pokemon.swift */,
			);
			name = Model;
			sourceTree = "<group>";
		};
		B67526951EAE773D007D78AE /* VIew */ = {
			isa = PBXGroup;
			children = (
				B67526961EAE7777007D78AE /* PokeCell.swift */,
			);
			name = VIew;
			sourceTree = "<group>";
		};
		B675269E1EAE86E2007D78AE /* Controller */ = {
			isa = PBXGroup;
			children = (
				B67526801EAE4BFC007D78AE /* ViewController.swift */,
				B67526A51EAE9B6D007D78AE /* PokeDetailVC.swift */,
			);
			name = Controller;
			sourceTree = "<group>";
		};
		B675269F1EAE86EF007D78AE /* resources */ = {
			isa = PBXGroup;
			children = (
				B67526A31EAE88D6007D78AE /* music.mp3 */,
				B67526A11EAE888E007D78AE /* music.png */,
				B67526901EAE5197007D78AE /* pokemon.csv */,
				B675269A1EAE865D007D78AE /* PokemonHollow.ttf */,
				B675269B1EAE865D007D78AE /* PokemonSolid.ttf */,
			);
			name = resources;
			sourceTree = "<group>";
		};
		B67526A01EAE8714007D78AE /* Util */ = {
			isa = PBXGroup;
			children = (
				B67526981EAE80E5007D78AE /* csv.swift */,
				B67526A71EAF9167007D78AE /* Const.swift */,
			);
			name = Util;
			sourceTree = "<group>";
		};
/* End PBXGroup section */

/* Begin PBXNativeTarget section */
		B675267A1EAE4BFC007D78AE /* Pokedex */ = {
			isa = PBXNativeTarget;
			buildConfigurationList = B675268D1EAE4BFD007D78AE /* Build configuration list for PBXNativeTarget "Pokedex" */;
			buildPhases = (
				738B5BF90C2430B563DB37B3 /* [CP] Check Pods Manifest.lock */,
				B67526771EAE4BFC007D78AE /* Sources */,
				B67526781EAE4BFC007D78AE /* Frameworks */,
				B67526791EAE4BFC007D78AE /* Resources */,
				0E3B55052DF26590B01D8745 /* [CP] Embed Pods Frameworks */,
				2847DE451A426D967CC2DAC5 /* [CP] Copy Pods Resources */,
			);
			buildRules = (
			);
			dependencies = (
			);
			name = Pokedex;
			productName = Pokedex;
			productReference = B675267B1EAE4BFC007D78AE /* Pokedex.app */;
			productType = "com.apple.product-type.application";
		};
/* End PBXNativeTarget section */

/* Begin PBXProject section */
		B67526731EAE4BFC007D78AE /* Project object */ = {
			isa = PBXProject;
			attributes = {
				LastSwiftUpdateCheck = 0830;
				LastUpgradeCheck = 0830;
				ORGANIZATIONNAME = "Ren Cummings";
				TargetAttributes = {
					B675267A1EAE4BFC007D78AE = {
						CreatedOnToolsVersion = 8.3.1;
						LastSwiftMigration = 0830;
						ProvisioningStyle = Automatic;
					};
				};
			};
			buildConfigurationList = B67526761EAE4BFC007D78AE /* Build configuration list for PBXProject "Pokedex" */;
			compatibilityVersion = "Xcode 3.2";
			developmentRegion = English;
			hasScannedForEncodings = 0;
			knownRegions = (
				en,
				Base,
			);
			mainGroup = B67526721EAE4BFC007D78AE;
			productRefGroup = B675267C1EAE4BFC007D78AE /* Products */;
			projectDirPath = "";
			projectRoot = "";
			targets = (
				B675267A1EAE4BFC007D78AE /* Pokedex */,
			);
		};
/* End PBXProject section */

/* Begin PBXResourcesBuildPhase section */
		B67526791EAE4BFC007D78AE /* Resources */ = {
			isa = PBXResourcesBuildPhase;
			buildActionMask = 2147483647;
			files = (
				B67526A41EAE88D6007D78AE /* music.mp3 in Resources */,
				B67526891EAE4BFD007D78AE /* LaunchScreen.storyboard in Resources */,
				B67526A21EAE888E007D78AE /* music.png in Resources */,
				B67526861EAE4BFD007D78AE /* Assets.xcassets in Resources */,
				B675269C1EAE865D007D78AE /* PokemonHollow.ttf in Resources */,
				B675269D1EAE865D007D78AE /* PokemonSolid.ttf in Resources */,
				B67526911EAE5197007D78AE /* pokemon.csv in Resources */,
				B67526841EAE4BFD007D78AE /* Main.storyboard in Resources */,
			);
			runOnlyForDeploymentPostprocessing = 0;
		};
/* End PBXResourcesBuildPhase section */

/* Begin PBXShellScriptBuildPhase section */
		0E3B55052DF26590B01D8745 /* [CP] Embed Pods Frameworks */ = {
			isa = PBXShellScriptBuildPhase;
			buildActionMask = 2147483647;
			files = (
			);
			inputPaths = (
			);
			name = "[CP] Embed Pods Frameworks";
			outputPaths = (
			);
			runOnlyForDeploymentPostprocessing = 0;
			shellPath = /bin/sh;
			shellScript = "\"${SRCROOT}/Pods/Target Support Files/Pods-Pokedex/Pods-Pokedex-frameworks.sh\"\n";
			showEnvVarsInLog = 0;
		};
		2847DE451A426D967CC2DAC5 /* [CP] Copy Pods Resources */ = {
			isa = PBXShellScriptBuildPhase;
			buildActionMask = 2147483647;
			files = (
			);
			inputPaths = (
			);
			name = "[CP] Copy Pods Resources";
			outputPaths = (
			);
			runOnlyForDeploymentPostprocessing = 0;
			shellPath = /bin/sh;
			shellScript = "\"${SRCROOT}/Pods/Target Support Files/Pods-Pokedex/Pods-Pokedex-resources.sh\"\n";
			showEnvVarsInLog = 0;
		};
		738B5BF90C2430B563DB37B3 /* [CP] Check Pods Manifest.lock */ = {
			isa = PBXShellScriptBuildPhase;
			buildActionMask = 2147483647;
			files = (
			);
			inputPaths = (
			);
			name = "[CP] Check Pods Manifest.lock";
			outputPaths = (
			);
			runOnlyForDeploymentPostprocessing = 0;
			shellPath = /bin/sh;
			shellScript = "diff \"${PODS_PODFILE_DIR_PATH}/Podfile.lock\" \"${PODS_ROOT}/Manifest.lock\" > /dev/null\nif [ $? != 0 ] ; then\n    # print error to STDERR\n    echo \"error: The sandbox is not in sync with the Podfile.lock. Run 'pod install' or update your CocoaPods installation.\" >&2\n    exit 1\nfi\n";
			showEnvVarsInLog = 0;
		};
/* End PBXShellScriptBuildPhase section */

/* Begin PBXSourcesBuildPhase section */
		B67526771EAE4BFC007D78AE /* Sources */ = {
			isa = PBXSourcesBuildPhase;
			buildActionMask = 2147483647;
			files = (
				B67526971EAE7777007D78AE /* PokeCell.swift in Sources */,
				B67526811EAE4BFD007D78AE /* ViewController.swift in Sources */,
				B675267F1EAE4BFC007D78AE /* AppDelegate.swift in Sources */,
				B67526941EAE549A007D78AE /* Pokemon.swift in Sources */,
				B67526A61EAE9B6D007D78AE /* PokeDetailVC.swift in Sources */,
				B67526991EAE80E5007D78AE /* csv.swift in Sources */,
				B67526A81EAF9167007D78AE /* Const.swift in Sources */,
			);
			runOnlyForDeploymentPostprocessing = 0;
		};
/* End PBXSourcesBuildPhase section */

/* Begin PBXVariantGroup section */
		B67526821EAE4BFD007D78AE /* Main.storyboard */ = {
			isa = PBXVariantGroup;
			children = (
				B67526831EAE4BFD007D78AE /* Base */,
			);
			name = Main.storyboard;
			sourceTree = "<group>";
		};
		B67526871EAE4BFD007D78AE /* LaunchScreen.storyboard */ = {
			isa = PBXVariantGroup;
			children = (
				B67526881EAE4BFD007D78AE /* Base */,
			);
			name = LaunchScreen.storyboard;
			sourceTree = "<group>";
		};
/* End PBXVariantGroup section */

/* Begin XCBuildConfiguration section */
		B675268B1EAE4BFD007D78AE /* Debug */ = {
			isa = XCBuildConfiguration;
			buildSettings = {
				ALWAYS_SEARCH_USER_PATHS = NO;
				CLANG_ANALYZER_NONNULL = YES;
				CLANG_ANALYZER_NUMBER_OBJECT_CONVERSION = YES_AGGRESSIVE;
				CLANG_CXX_LANGUAGE_STANDARD = "gnu++0x";
				CLANG_CXX_LIBRARY = "libc++";
				CLANG_ENABLE_MODULES = YES;
				CLANG_ENABLE_OBJC_ARC = YES;
				CLANG_WARN_BOOL_CONVERSION = YES;
				CLANG_WARN_CONSTANT_CONVERSION = YES;
				CLANG_WARN_DIRECT_OBJC_ISA_USAGE = YES_ERROR;
				CLANG_WARN_DOCUMENTATION_COMMENTS = YES;
				CLANG_WARN_EMPTY_BODY = YES;
				CLANG_WARN_ENUM_CONVERSION = YES;
				CLANG_WARN_INFINITE_RECURSION = YES;
				CLANG_WARN_INT_CONVERSION = YES;
				CLANG_WARN_OBJC_ROOT_CLASS = YES_ERROR;
				CLANG_WARN_SUSPICIOUS_MOVE = YES;
				CLANG_WARN_UNREACHABLE_CODE = YES;
				CLANG_WARN__DUPLICATE_METHOD_MATCH = YES;
				"CODE_SIGN_IDENTITY[sdk=iphoneos*]" = "iPhone Developer";
				COPY_PHASE_STRIP = NO;
				DEBUG_INFORMATION_FORMAT = dwarf;
				ENABLE_STRICT_OBJC_MSGSEND = YES;
				ENABLE_TESTABILITY = YES;
				GCC_C_LANGUAGE_STANDARD = gnu99;
				GCC_DYNAMIC_NO_PIC = NO;
				GCC_NO_COMMON_BLOCKS = YES;
				GCC_OPTIMIZATION_LEVEL = 0;
				GCC_PREPROCESSOR_DEFINITIONS = (
					"DEBUG=1",
					"$(inherited)",
				);
				GCC_WARN_64_TO_32_BIT_CONVERSION = YES;
				GCC_WARN_ABOUT_RETURN_TYPE = YES_ERROR;
				GCC_WARN_UNDECLARED_SELECTOR = YES;
				GCC_WARN_UNINITIALIZED_AUTOS = YES_AGGRESSIVE;
				GCC_WARN_UNUSED_FUNCTION = YES;
				GCC_WARN_UNUSED_VARIABLE = YES;
				IPHONEOS_DEPLOYMENT_TARGET = 10.3;
				MTL_ENABLE_DEBUG_INFO = YES;
				ONLY_ACTIVE_ARCH = YES;
				SDKROOT = iphoneos;
				SWIFT_ACTIVE_COMPILATION_CONDITIONS = DEBUG;
				SWIFT_OPTIMIZATION_LEVEL = "-Onone";
				TARGETED_DEVICE_FAMILY = "1,2";
			};
			name = Debug;
		};
		B675268C1EAE4BFD007D78AE /* Release */ = {
			isa = XCBuildConfiguration;
			buildSettings = {
				ALWAYS_SEARCH_USER_PATHS = NO;
				CLANG_ANALYZER_NONNULL = YES;
				CLANG_ANALYZER_NUMBER_OBJECT_CONVERSION = YES_AGGRESSIVE;
				CLANG_CXX_LANGUAGE_STANDARD = "gnu++0x";
				CLANG_CXX_LIBRARY = "libc++";
				CLANG_ENABLE_MODULES = YES;
				CLANG_ENABLE_OBJC_ARC = YES;
				CLANG_WARN_BOOL_CONVERSION = YES;
				CLANG_WARN_CONSTANT_CONVERSION = YES;
				CLANG_WARN_DIRECT_OBJC_ISA_USAGE = YES_ERROR;
				CLANG_WARN_DOCUMENTATION_COMMENTS = YES;
				CLANG_WARN_EMPTY_BODY = YES;
				CLANG_WARN_ENUM_CONVERSION = YES;
				CLANG_WARN_INFINITE_RECURSION = YES;
				CLANG_WARN_INT_CONVERSION = YES;
				CLANG_WARN_OBJC_ROOT_CLASS = YES_ERROR;
				CLANG_WARN_SUSPICIOUS_MOVE = YES;
				CLANG_WARN_UNREACHABLE_CODE = YES;
				CLANG_WARN__DUPLICATE_METHOD_MATCH = YES;
				"CODE_SIGN_IDENTITY[sdk=iphoneos*]" = "iPhone Developer";
				COPY_PHASE_STRIP = NO;
				DEBUG_INFORMATION_FORMAT = "dwarf-with-dsym";
				ENABLE_NS_ASSERTIONS = NO;
				ENABLE_STRICT_OBJC_MSGSEND = YES;
				GCC_C_LANGUAGE_STANDARD = gnu99;
				GCC_NO_COMMON_BLOCKS = YES;
				GCC_WARN_64_TO_32_BIT_CONVERSION = YES;
				GCC_WARN_ABOUT_RETURN_TYPE = YES_ERROR;
				GCC_WARN_UNDECLARED_SELECTOR = YES;
				GCC_WARN_UNINITIALIZED_AUTOS = YES_AGGRESSIVE;
				GCC_WARN_UNUSED_FUNCTION = YES;
				GCC_WARN_UNUSED_VARIABLE = YES;
				IPHONEOS_DEPLOYMENT_TARGET = 10.3;
				MTL_ENABLE_DEBUG_INFO = NO;
				SDKROOT = iphoneos;
				SWIFT_OPTIMIZATION_LEVEL = "-Owholemodule";
				TARGETED_DEVICE_FAMILY = "1,2";
				VALIDATE_PRODUCT = YES;
			};
			name = Release;
		};
		B675268E1EAE4BFD007D78AE /* Debug */ = {
			isa = XCBuildConfiguration;
			baseConfigurationReference = BD445FDC71EB8D26FCD4A7EF /* Pods-Pokedex.debug.xcconfig */;
			buildSettings = {
				ASSETCATALOG_COMPILER_APPICON_NAME = AppIcon;
				INFOPLIST_FILE = Pokedex/Info.plist;
				LD_RUNPATH_SEARCH_PATHS = "$(inherited) @executable_path/Frameworks";
				PRODUCT_BUNDLE_IDENTIFIER = com.renCummings.Pokedex;
				PRODUCT_NAME = "$(TARGET_NAME)";
				SWIFT_VERSION = 3.0;
			};
			name = Debug;
		};
		B675268F1EAE4BFD007D78AE /* Release */ = {
			isa = XCBuildConfiguration;
			baseConfigurationReference = 28F5E083A77CBD27EFCE831E /* Pods-Pokedex.release.xcconfig */;
			buildSettings = {
				ASSETCATALOG_COMPILER_APPICON_NAME = AppIcon;
				INFOPLIST_FILE = Pokedex/Info.plist;
				LD_RUNPATH_SEARCH_PATHS = "$(inherited) @executable_path/Frameworks";
				PRODUCT_BUNDLE_IDENTIFIER = com.renCummings.Pokedex;
				PRODUCT_NAME = "$(TARGET_NAME)";
				SWIFT_VERSION = 3.0;
			};
			name = Release;
		};
/* End XCBuildConfiguration section */

/* Begin XCConfigurationList section */
		B67526761EAE4BFC007D78AE /* Build configuration list for PBXProject "Pokedex" */ = {
			isa = XCConfigurationList;
			buildConfigurations = (
				B675268B1EAE4BFD007D78AE /* Debug */,
				B675268C1EAE4BFD007D78AE /* Release */,
			);
			defaultConfigurationIsVisible = 0;
			defaultConfigurationName = Release;
		};
		B675268D1EAE4BFD007D78AE /* Build configuration list for PBXNativeTarget "Pokedex" */ = {
			isa = XCConfigurationList;
			buildConfigurations = (
				B675268E1EAE4BFD007D78AE /* Debug */,
				B675268F1EAE4BFD007D78AE /* Release */,
			);
			defaultConfigurationIsVisible = 0;
			defaultConfigurationName = Release;
		};
/* End XCConfigurationList section */
	};
	rootObject = B67526731EAE4BFC007D78AE /* Project object */;
}
